{
  "name": "ShortRelay",
  "lockfileVersion": 3,
  "requires": true,
  "packages": {
    "": {
      "devDependencies": {
        "@types/hls.js": "^0.13.3"
      }
    },
    "node_modules/@types/hls.js": {
      "version": "0.13.3",
      "resolved": "https://registry.npmjs.org/@types/hls.js/-/hls.js-0.13.3.tgz",
      "integrity": "sha512-Po8ZPCsAcPPuf5OODPEkb6cdWJ/w4BdX1veP7IIOc2WG0x1SW4GEQ1+FHKN1AMG2AePJfNUceJbh5PKtP92yRQ==",
      "dev": true,
      "license": "MIT"
    }
  }
}
